{
  "name": "input-form-component",
  "version": "0.0.1",
  "lockfileVersion": 1,
  "requires": true,
  "dependencies": {
    "@ckeditor/ckeditor5-angular": {
      "version": "1.2.3",
      "resolved": "https://registry.npmjs.org/@ckeditor/ckeditor5-angular/-/ckeditor5-angular-1.2.3.tgz",
      "integrity": "sha512-A1dZ7TVhlHTCvBjh9xAQvTX2alMkwE3pbTeOXfPt6AyamhVDnBVKbCa5eDaSd6xeeQHvsqtmMgNHQJn4AhH5mg==",
      "requires": {
        "@ckeditor/ckeditor5-watchdog": "^17.0.0",
        "tslib": "^1.9.0"
      },
      "dependencies": {
        "tslib": {
          "version": "1.13.0",
          "resolved": "https://registry.npmjs.org/tslib/-/tslib-1.13.0.tgz",
          "integrity": "sha512-i/6DQjL8Xf3be4K/E6Wgpekn5Qasl1usyw++dAA35Ue5orEn65VIxOA+YvNNl9HV3qv70T7CNwjODHZrLwvd1Q=="
        }
      }
    },
    "@ckeditor/ckeditor5-build-classic": {
      "version": "23.0.0",
      "resolved": "https://registry.npmjs.org/@ckeditor/ckeditor5-build-classic/-/ckeditor5-build-classic-23.0.0.tgz",
      "integrity": "sha512-9Pgb9OAPnx1577WDYizEuOFHmLyXkwU8UxneyP4Zkr9mrJUEL0w0uVgQhiB8DYlAAArHXeFasSogwFvLX6xBtw=="
    },
    "@ckeditor/ckeditor5-watchdog": {
      "version": "17.0.0",
      "resolved": "https://registry.npmjs.org/@ckeditor/ckeditor5-watchdog/-/ckeditor5-watchdog-17.0.0.tgz",
      "integrity": "sha512-qwRYWjv6qYuHD3tj4qB7XtuRGQteVtaoVl2Mzg8pNRP85WbTssZxQgDno951pPqR67Mqxe9YwxtrNMiZfQesrw==",
      "requires": {
        "lodash-es": "^4.17.10"
      }
    },
    "@ng-select/ng-select": {
      "version": "5.0.4",
      "resolved": "https://registry.npmjs.org/@ng-select/ng-select/-/ng-select-5.0.4.tgz",
      "integrity": "sha512-a1eqsXO3re3+07nsvROuUzab1u7oy1h5j9LNGRuphwz3PqkA/lS7rwYKzbdZT1Vbp+af5GNZiQaP57mTpBiIFw==",
      "requires": {
        "tslib": "^2.0.0"
      }
    },
    "lodash-es": {
      "version": "4.17.15",
      "resolved": "https://registry.npmjs.org/lodash-es/-/lodash-es-4.17.15.tgz",
      "integrity": "sha512-rlrc3yU3+JNOpZ9zj5pQtxnx2THmvRykwL4Xlxoa8I9lHBlVbbyPhgyPMioxVZ4NqyxaVVtaJnzsyOidQIhyyQ=="
    },
    "ngx-color-picker": {
      "version": "10.1.0",
      "resolved": "https://registry.npmjs.org/ngx-color-picker/-/ngx-color-picker-10.1.0.tgz",
      "integrity": "sha512-Q3BILkQP+l+dcX0joe7+xuHDKydhGnG09sUG1FmlLZFYIEX4+AQqHULh+hUAci8kZlLZuOG+mB2Uq54QYadItw==",
      "requires": {
        "tslib": "^2.0.0"
      }
    },
    "ngx-mask": {
      "version": "10.0.4",
      "resolved": "https://registry.npmjs.org/ngx-mask/-/ngx-mask-10.0.4.tgz",
      "integrity": "sha512-CooFh9lhbDdsYBOdMNhg3yiWxiW9FbXysXeU/uJSgbVUwKv8VrUuvif5umzc4DrHco2l/rMfheOv0rxSe1IxFQ==",
      "requires": {
        "tslib": "^2.0.0"
      }
    },
    "ngx-ui-switch": {
      "version": "10.0.2",
      "resolved": "https://registry.npmjs.org/ngx-ui-switch/-/ngx-ui-switch-10.0.2.tgz",
      "integrity": "sha512-T8LhlRnjm36kElVNxkzEmpiXA82FO74FGJHpsW60U6CFXjWqlEiQAXuCA8c/qiWDxHqy36KkaxY8/cutv487RA=="
    },
    "tslib": {
      "version": "2.0.1",
      "resolved": "https://registry.npmjs.org/tslib/-/tslib-2.0.1.tgz",
      "integrity": "sha512-SgIkNheinmEBgx1IUNirK0TUD4X9yjjBRTqqjggWCU3pUEqIk3/Uwl3yRixYKT6WjQuGiwDv4NomL3wqRCj+CQ=="
    }
  }
}
